// !$*UTF8*$!
{
	archiveVersion = 1;
	classes = {
	};
	objectVersion = 46;
	objects = {

/* Begin PBXBuildFile section */
		FFA591911B8D630500F664E2 /* main.m in Sources */ = {isa = PBXBuildFile; fileRef = FFA591901B8D630500F664E2 /* main.m */; };
		FFA5919C1B8D633400F664E2 /* Person.m in Sources */ = {isa = PBXBuildFile; fileRef = FFA591991B8D633400F664E2 /* Person.m */; };
		FFA5919D1B8D633400F664E2 /* Person+Extension.m in Sources */ = {isa = PBXBuildFile; fileRef = FFA5919B1B8D633400F664E2 /* Person+Extension.m */; };
		FFA591A01B8D93B600F664E2 /* Dog.m in Sources */ = {isa = PBXBuildFile; fileRef = FFA5919F1B8D93B600F664E2 /* Dog.m */; };
		FFA591A31B8DA08900F664E2 /* WaterDog.m in Sources */ = {isa = PBXBuildFile; fileRef = FFA591A21B8DA08900F664E2 /* WaterDog.m */; };
/* End PBXBuildFile section */

/* Begin PBXCopyFilesBuildPhase section */
		FFA5918B1B8D630500F664E2 /* CopyFiles */ = {
			isa = PBXCopyFilesBuildPhase;
			buildActionMask = 2147483647;
			dstPath = /usr/share/man/man1/;
			dstSubfolderSpec = 0;
			files = (
			);
			runOnlyForDeploymentPostprocessing = 1;
		};
/* End PBXCopyFilesBuildPhase section */

/* Begin PBXFileReference section */
		FFA5918D1B8D630500F664E2 /* ExtentsionDemo */ = {isa = PBXFileReference; explicitFileType = "compiled.mach-o.executable"; includeInIndex = 0; path = ExtentsionDemo; sourceTree = BUILT_PRODUCTS_DIR; };
		FFA591901B8D630500F664E2 /* main.m */ = {isa = PBXFileReference; lastKnownFileType = sourcecode.c.objc; path = main.m; sourceTree = "<group>"; };
		FFA591981B8D633400F664E2 /* Person.h */ = {isa = PBXFileReference; fileEncoding = 4; lastKnownFileType = sourcecode.c.h; path = Person.h; sourceTree = "<group>"; };
		FFA591991B8D633400F664E2 /* Person.m */ = {isa = PBXFileReference; fileEncoding = 4; lastKnownFileType = sourcecode.c.objc; path = Person.m; sourceTree = "<group>"; };
		FFA5919A1B8D633400F664E2 /* Person+Extension.h */ = {isa = PBXFileReference; fileEncoding = 4; lastKnownFileType = sourcecode.c.h; path = "Person+Extension.h"; sourceTree = "<group>"; };
		FFA5919B1B8D633400F664E2 /* Person+Extension.m */ = {isa = PBXFileReference; fileEncoding = 4; lastKnownFileType = sourcecode.c.objc; path = "Person+Extension.m"; sourceTree = "<group>"; };
		FFA5919E1B8D93B600F664E2 /* Dog.h */ = {isa = PBXFileReference; fileEncoding = 4; lastKnownFileType = sourcecode.c.h; path = Dog.h; sourceTree = "<group>"; };
		FFA5919F1B8D93B600F664E2 /* Dog.m */ = {isa = PBXFileReference; fileEncoding = 4; lastKnownFileType = sourcecode.c.objc; path = Dog.m; sourceTree = "<group>"; };
		FFA591A11B8DA08900F664E2 /* WaterDog.h */ = {isa = PBXFileReference; fileEncoding = 4; lastKnownFileType = sourcecode.c.h; path = WaterDog.h; sourceTree = "<group>"; };
		FFA591A21B8DA08900F664E2 /* WaterDog.m */ = {isa = PBXFileReference; fileEncoding = 4; lastKnownFileType = sourcecode.c.objc; path = WaterDog.m; sourceTree = "<group>"; };
/* End PBXFileReference section */

/* Begin PBXFrameworksBuildPhase section */
		FFA5918A1B8D630500F664E2 /* Frameworks */ = {
			isa = PBXFrameworksBuildPhase;
			buildActionMask = 2147483647;
			files = (
			);
			runOnlyForDeploymentPostprocessing = 0;
		};
/* End PBXFrameworksBuildPhase section */

/* Begin PBXGroup section */
		FFA591841B8D630500F664E2 = {
			isa = PBXGroup;
			children = (
				FFA5918F1B8D630500F664E2 /* ExtentsionDemo */,
				FFA5918E1B8D630500F664E2 /* Products */,
			);
			sourceTree = "<group>";
		};
		FFA5918E1B8D630500F664E2 /* Products */ = {
			isa = PBXGroup;
			children = (
				FFA5918D1B8D630500F664E2 /* ExtentsionDemo */,
			);
			name = Products;
			sourceTree = "<group>";
		};
		FFA5918F1B8D630500F664E2 /* ExtentsionDemo */ = {
			isa = PBXGroup;
			children = (
				FFA591901B8D630500F664E2 /* main.m */,
				FFA591971B8D632300F664E2 /* Classes */,
			);
			path = ExtentsionDemo;
			sourceTree = "<group>";
		};
		FFA591971B8D632300F664E2 /* Classes */ = {
			isa = PBXGroup;
			children = (
				FFA591981B8D633400F664E2 /* Person.h */,
				FFA591991B8D633400F664E2 /* Person.m */,
				FFA5919A1B8D633400F664E2 /* Person+Extension.h */,
				FFA5919B1B8D633400F664E2 /* Person+Extension.m */,
				FFA5919E1B8D93B600F664E2 /* Dog.h */,
				FFA5919F1B8D93B600F664E2 /* Dog.m */,
				FFA591A11B8DA08900F664E2 /* WaterDog.h */,
				FFA591A21B8DA08900F664E2 /* WaterDog.m */,
			);
			path = Classes;
			sourceTree = "<group>";
		};
/* End PBXGroup section */

/* Begin PBXNativeTarget section */
		FFA5918C1B8D630500F664E2 /* ExtentsionDemo */ = {
			isa = PBXNativeTarget;
			buildConfigurationList = FFA591941B8D630500F664E2 /* Build configuration list for PBXNativeTarget "ExtentsionDemo" */;
			buildPhases = (
				FFA591891B8D630500F664E2 /* Sources */,
				FFA5918A1B8D630500F664E2 /* Frameworks */,
				FFA5918B1B8D630500F664E2 /* CopyFiles */,
			);
			buildRules = (
			);
			dependencies = (
			);
			name = ExtentsionDemo;
			productName = ExtentsionDemo;
			productReference = FFA5918D1B8D630500F664E2 /* ExtentsionDemo */;
			productType = "com.apple.product-type.tool";
		};
/* End PBXNativeTarget section */

/* Begin PBXProject section */
		FFA591851B8D630500F664E2 /* Project object */ = {
			isa = PBXProject;
			attributes = {
				LastUpgradeCheck = 0640;
				ORGANIZATIONNAME = HSC;
				TargetAttributes = {
					FFA5918C1B8D630500F664E2 = {
						CreatedOnToolsVersion = 6.4;
					};
				};
			};
			buildConfigurationList = FFA591881B8D630500F664E2 /* Build configuration list for PBXProject "ExtentsionDemo" */;
			compatibilityVersion = "Xcode 3.2";
			developmentRegion = English;
			hasScannedForEncodings = 0;
			knownRegions = (
				en,
			);
			mainGroup = FFA591841B8D630500F664E2;
			productRefGroup = FFA5918E1B8D630500F664E2 /* Products */;
			projectDirPath = "";
			projectRoot = "";
			targets = (
				FFA5918C1B8D630500F664E2 /* ExtentsionDemo */,
			);
		};
/* End PBXProject section */

/* Begin PBXSourcesBuildPhase section */
		FFA591891B8D630500F664E2 /* Sources */ = {
			isa = PBXSourcesBuildPhase;
			buildActionMask = 2147483647;
			files = (
				FFA5919D1B8D633400F664E2 /* Person+Extension.m in Sources */,
				FFA591A31B8DA08900F664E2 /* WaterDog.m in Sources */,
				FFA5919C1B8D633400F664E2 /* Person.m in Sources */,
				FFA591A01B8D93B600F664E2 /* Dog.m in Sources */,
				FFA591911B8D630500F664E2 /* main.m in Sources */,
			);
			runOnlyForDeploymentPostprocessing = 0;
		};
/* End PBXSourcesBuildPhase section */

/* Begin XCBuildConfiguration section */
		FFA591921B8D630500F664E2 /* Debug */ = {
			isa = XCBuildConfiguration;
			buildSettings = {
				ALWAYS_SEARCH_USER_PATHS = NO;
				CLANG_CXX_LANGUAGE_STANDARD = "gnu++0x";
				CLANG_CXX_LIBRARY = "libc++";
				CLANG_ENABLE_MODULES = YES;
				CLANG_ENABLE_OBJC_ARC = YES;
				CLANG_WARN_BOOL_CONVERSION = YES;
				CLANG_WARN_CONSTANT_CONVERSION = YES;
				CLANG_WARN_DIRECT_OBJC_ISA_USAGE = YES_ERROR;
				CLANG_WARN_EMPTY_BODY = YES;
				CLANG_WARN_ENUM_CONVERSION = YES;
				CLANG_WARN_INT_CONVERSION = YES;
				CLANG_WARN_OBJC_ROOT_CLASS = YES_ERROR;
				CLANG_WARN_UNREACHABLE_CODE = YES;
				CLANG_WARN__DUPLICATE_METHOD_MATCH = YES;
				COPY_PHASE_STRIP = NO;
				DEBUG_INFORMATION_FORMAT = dwarf;
				ENABLE_STRICT_OBJC_MSGSEND = YES;
				GCC_C_LANGUAGE_STANDARD = gnu99;
				GCC_DYNAMIC_NO_PIC = NO;
				GCC_NO_COMMON_BLOCKS = YES;
				GCC_OPTIMIZATION_LEVEL = 0;
				GCC_PREPROCESSOR_DEFINITIONS = (
					"DEBUG=1",
					"$(inherited)",
				);
				GCC_SYMBOLS_PRIVATE_EXTERN = NO;
				GCC_WARN_64_TO_32_BIT_CONVERSION = YES;
				GCC_WARN_ABOUT_RETURN_TYPE = YES_ERROR;
				GCC_WARN_UNDECLARED_SELECTOR = YES;
				GCC_WARN_UNINITIALIZED_AUTOS = YES_AGGRESSIVE;
				GCC_WARN_UNUSED_FUNCTION = YES;
				GCC_WARN_UNUSED_VARIABLE = YES;
				MACOSX_DEPLOYMENT_TARGET = 10.10;
				MTL_ENABLE_DEBUG_INFO = YES;
				ONLY_ACTIVE_ARCH = YES;
				SDKROOT = macosx;
			};
			name = Debug;
		};
		FFA591931B8D630500F664E2 /* Release */ = {
			isa = XCBuildConfiguration;
			buildSettings = {
				ALWAYS_SEARCH_USER_PATHS = NO;
				CLANG_CXX_LANGUAGE_STANDARD = "gnu++0x";
				CLANG_CXX_LIBRARY = "libc++";
				CLANG_ENABLE_MODULES = YES;
				CLANG_ENABLE_OBJC_ARC = YES;
				CLANG_WARN_BOOL_CONVERSION = YES;
				CLANG_WARN_CONSTANT_CONVERSION = YES;
				CLANG_WARN_DIRECT_OBJC_ISA_USAGE = YES_ERROR;
				CLANG_WARN_EMPTY_BODY = YES;
				CLANG_WARN_ENUM_CONVERSION = YES;
				CLANG_WARN_INT_CONVERSION = YES;
				CLANG_WARN_OBJC_ROOT_CLASS = YES_ERROR;
				CLANG_WARN_UNREACHABLE_CODE = YES;
				CLANG_WARN__DUPLICATE_METHOD_MATCH = YES;
				COPY_PHASE_STRIP = NO;
				DEBUG_INFORMATION_FORMAT = "dwarf-with-dsym";
				ENABLE_NS_ASSERTIONS = NO;
				ENABLE_STRICT_OBJC_MSGSEND = YES;
				GCC_C_LANGUAGE_STANDARD = gnu99;
				GCC_NO_COMMON_BLOCKS = YES;
				GCC_WARN_64_TO_32_BIT_CONVERSION = YES;
				GCC_WARN_ABOUT_RETURN_TYPE = YES_ERROR;
				GCC_WARN_UNDECLARED_SELECTOR = YES;
				GCC_WARN_UNINITIALIZED_AUTOS = YES_AGGRESSIVE;
				GCC_WARN_UNUSED_FUNCTION = YES;
				GCC_WARN_UNUSED_VARIABLE = YES;
				MACOSX_DEPLOYMENT_TARGET = 10.10;
				MTL_ENABLE_DEBUG_INFO = NO;
				SDKROOT = macosx;
			};
			name = Release;
		};
		FFA591951B8D630500F664E2 /* Debug */ = {
			isa = XCBuildConfiguration;
			buildSettings = {
				PRODUCT_NAME = "$(TARGET_NAME)";
			};
			name = Debug;
		};
		FFA591961B8D630500F664E2 /* Release */ = {
			isa = XCBuildConfiguration;
			buildSettings = {
				PRODUCT_NAME = "$(TARGET_NAME)";
			};
			name = Release;
		};
/* End XCBuildConfiguration section */

/* Begin XCConfigurationList section */
		FFA591881B8D630500F664E2 /* Build configuration list for PBXProject "ExtentsionDemo" */ = {
			isa = XCConfigurationList;
			buildConfigurations = (
				FFA591921B8D630500F664E2 /* Debug */,
				FFA591931B8D630500F664E2 /* Release */,
			);
			defaultConfigurationIsVisible = 0;
			defaultConfigurationName = Release;
		};
		FFA591941B8D630500F664E2 /* Build configuration list for PBXNativeTarget "ExtentsionDemo" */ = {
			isa = XCConfigurationList;
			buildConfigurations = (
				FFA591951B8D630500F664E2 /* Debug */,
				FFA591961B8D630500F664E2 /* Release */,
			);
			defaultConfigurationIsVisible = 0;
			defaultConfigurationName = Release;
		};
/* End XCConfigurationList section */
	};
	rootObject = FFA591851B8D630500F664E2 /* Project object */;
}
